{
  "name": "portfolio-spell",
  "version": "0.0.1",
  "lockfileVersion": 3,
  "requires": true,
  "packages": {
    "": {
      "name": "portfolio-spell",
      "version": "0.0.1",
      "dependencies": {
        "@cspell/dict-es-es": "^3.0.8",
        "@cspell/dict-fr-fr": "^2.3.2"
      }
    },
    "node_modules/@cspell/dict-es-es": {
      "version": "3.0.8",
      "resolved": "https://registry.npmjs.org/@cspell/dict-es-es/-/dict-es-es-3.0.8.tgz",
      "integrity": "sha512-tj4zYKYWtAFc+JWtJo0DxLAve7I0UJM5+6we3hvLyzQlhGCBF41cTihPa/cbLHUkTD6PkrVGf1hgOKuSR9hkMQ==",
      "license": "LGPL-3.0"
    },
    "node_modules/@cspell/dict-fr-fr": {
      "version": "2.3.2",
      "resolved": "https://registry.npmjs.org/@cspell/dict-fr-fr/-/dict-fr-fr-2.3.2.tgz",
      "integrity": "sha512-cPNjlavSiMfH/bB/Zl5GEF+94s6C77mdvghvVsclco1Ly0VWN3EpH5L9EE3bDGLDpE7m9EnYfRs8TOfZugGrUg==",
      "license": "MIT"
    }
  }
}
